
Microsoft Visual Studio Solution File, Format Version 12.00
# Visual Studio Version 17
VisualStudioVersion = 17.10.35122.118
MinimumVisualStudioVersion = 10.0.40219.1
Project("{FAE04EC0-301F-11D3-BF4B-00C04F79EFBC}") = "UpdateEDM", "UpdateEDM\UpdateEDM.csproj", "{6B45804A-1150-4ECD-839C-FAEB656B462D}"
EndProject
Global
	GlobalSection(SolutionConfigurationPlatforms) = preSolution
		Debug|Any CPU = Debug|Any CPU
		Release|Any CPU = Release|Any CPU
	EndGlobalSection
	GlobalSection(ProjectConfigurationPlatforms) = postSolution
		{6B45804A-1150-4ECD-839C-FAEB656B462D}.Debug|Any CPU.ActiveCfg = Debug|Any CPU
		{6B45804A-1150-4ECD-839C-FAEB656B462D}.Debug|Any CPU.Build.0 = Debug|Any CPU
		{6B45804A-1150-4ECD-839C-FAEB656B462D}.Release|Any CPU.ActiveCfg = Release|Any CPU
		{6B45804A-1150-4ECD-839C-FAEB656B462D}.Release|Any CPU.Build.0 = Release|Any CPU
	EndGlobalSection
	GlobalSection(SolutionProperties) = preSolution
		HideSolutionNode = FALSE
	EndGlobalSection
	GlobalSection(ExtensibilityGlobals) = postSolution
		SolutionGuid = {9397E56A-32C5-4024-A3DE-E4D723654711}
	EndGlobalSection
EndGlobal
